# THIS IS AN AUTOGENERATED FILE. DO NOT EDIT THIS FILE DIRECTLY.
# yarn lockfile v1


ethereum-block-by-date@^1.4.5:
  version "1.4.5"
  resolved "https://registry.yarnpkg.com/ethereum-block-by-date/-/ethereum-block-by-date-1.4.5.tgz#ae954a4499942d03837e702033d75acf6a0f96dd"
  integrity sha512-mxDUx+yxIGPgKz82HjijFDCoZLT+in+p3tHJ82JDQTLDUl92uNDCNF85PPvchgzrhRlwDM4F0q7/qed5MeJKNw==
  dependencies:
    moment "^2.29.2"

moment@^2.29.2:
  version "2.29.3"
  resolved "https://registry.yarnpkg.com/moment/-/moment-2.29.3.tgz#edd47411c322413999f7a5940d526de183c031f3"
  integrity sha512-c6YRvhEo//6T2Jz/vVtYzqBzwvPT95JBQ+smCytzf7c50oMZRsR/a4w88aD34I+/QVSfnoAnSBFPJHItlOMJVw==
